
Microsoft Visual Studio Solution File, Format Version 12.00
# Visual Studio 15
VisualStudioVersion = 15.0.27130.2027
MinimumVisualStudioVersion = 10.0.40219.1
Project("{FAE04EC0-301F-11D3-BF4B-00C04F79EFBC}") = "Core", "Core\Core.csproj", "{4F247C00-B774-40EB-B6C2-C6B710CDFAB1}"
EndProject
Project("{FAE04EC0-301F-11D3-BF4B-00C04F79EFBC}") = "Provider", "Provider\Provider.csproj", "{E1A9DC60-8B7F-497C-8264-029A08F33C33}"
EndProject
Project("{FAE04EC0-301F-11D3-BF4B-00C04F79EFBC}") = "ConsumerTests", "ConsumerTests\ConsumerTests.csproj", "{FDA6ED2D-B473-4E27-A790-9A88D7DA4E09}"
EndProject
Project("{FAE04EC0-301F-11D3-BF4B-00C04F79EFBC}") = "KadastraalOnroerendeZaakService", "KadastraalOnroerendeZaakService\KadastraalOnroerendeZaakService.csproj", "{781A0CEC-1BC1-44BC-A067-4CFDC1C4EE39}"
EndProject
Global
	GlobalSection(SolutionConfigurationPlatforms) = preSolution
		Debug|Any CPU = Debug|Any CPU
		Release|Any CPU = Release|Any CPU
	EndGlobalSection
	GlobalSection(ProjectConfigurationPlatforms) = postSolution
		{4F247C00-B774-40EB-B6C2-C6B710CDFAB1}.Debug|Any CPU.ActiveCfg = Debug|Any CPU
		{4F247C00-B774-40EB-B6C2-C6B710CDFAB1}.Debug|Any CPU.Build.0 = Debug|Any CPU
		{4F247C00-B774-40EB-B6C2-C6B710CDFAB1}.Release|Any CPU.ActiveCfg = Release|Any CPU
		{4F247C00-B774-40EB-B6C2-C6B710CDFAB1}.Release|Any CPU.Build.0 = Release|Any CPU
		{E1A9DC60-8B7F-497C-8264-029A08F33C33}.Debug|Any CPU.ActiveCfg = Debug|Any CPU
		{E1A9DC60-8B7F-497C-8264-029A08F33C33}.Debug|Any CPU.Build.0 = Debug|Any CPU
		{E1A9DC60-8B7F-497C-8264-029A08F33C33}.Release|Any CPU.ActiveCfg = Release|Any CPU
		{E1A9DC60-8B7F-497C-8264-029A08F33C33}.Release|Any CPU.Build.0 = Release|Any CPU
		{FDA6ED2D-B473-4E27-A790-9A88D7DA4E09}.Debug|Any CPU.ActiveCfg = Debug|Any CPU
		{FDA6ED2D-B473-4E27-A790-9A88D7DA4E09}.Debug|Any CPU.Build.0 = Debug|Any CPU
		{FDA6ED2D-B473-4E27-A790-9A88D7DA4E09}.Release|Any CPU.ActiveCfg = Release|Any CPU
		{FDA6ED2D-B473-4E27-A790-9A88D7DA4E09}.Release|Any CPU.Build.0 = Release|Any CPU
		{781A0CEC-1BC1-44BC-A067-4CFDC1C4EE39}.Debug|Any CPU.ActiveCfg = Debug|Any CPU
		{781A0CEC-1BC1-44BC-A067-4CFDC1C4EE39}.Debug|Any CPU.Build.0 = Debug|Any CPU
		{781A0CEC-1BC1-44BC-A067-4CFDC1C4EE39}.Release|Any CPU.ActiveCfg = Release|Any CPU
		{781A0CEC-1BC1-44BC-A067-4CFDC1C4EE39}.Release|Any CPU.Build.0 = Release|Any CPU
	EndGlobalSection
	GlobalSection(SolutionProperties) = preSolution
		HideSolutionNode = FALSE
	EndGlobalSection
	GlobalSection(ExtensibilityGlobals) = postSolution
		SolutionGuid = {213C8D11-3549-400A-98D9-1CACE46617F8}
	EndGlobalSection
EndGlobal
